<?xml version="1.0" encoding="utf-8"?>
<Project ToolsVersion="4.0" xmlns="http://schemas.microsoft.com/developer/msbuild/2003">
  <ItemGroup>
    <Filter Include="Source Files">
      <UniqueIdentifier>{4FC737F1-C7A5-4376-A066-2A32D752A2FF}</UniqueIdentifier>
      <Extensions>cpp;c;cc;cxx;c++;cppm;ixx;def;odl;idl;hpj;bat;asm;asmx</Extensions>
    </Filter>
    <Filter Include="Header Files">
      <UniqueIdentifier>{93995380-89BD-4b04-88EB-625FBE52EBFB}</UniqueIdentifier>
      <Extensions>h;hh;hpp;hxx;h++;hm;inl;inc;ipp;xsd</Extensions>
    </Filter>
    <Filter Include="Resource Files">
      <UniqueIdentifier>{67DA6AB6-F800-4c08-8B7A-83BB121AAD01}</UniqueIdentifier>
      <Extensions>rc;ico;cur;bmp;dlg;rc2;rct;bin;rgs;gif;jpg;jpeg;jpe;resx;tiff;tif;png;wav;mfcribbon-ms</Extensions>
    </Filter>
  </ItemGroup>
  <ItemGroup>
    <ClCompile Include="src\main.cpp">
      <Filter>Source Files</Filter>
    </ClCompile>
    <ClCompile Include="src\persistence.cpp">
      <Filter>Source Files</Filter>
    </ClCompile>
    <ClCompile Include="src\resource.cpp">
      <Filter>Source Files</Filter>
    </ClCompile>
    <ClCompile Include="src\player.cpp">
      <Filter>Source Files</Filter>
    </ClCompile>
    <ClCompile Include="src\application.cpp">
      <Filter>Source Files</Filter>
    </ClCompile>
    <ClCompile Include="src\camera.cpp">
      <Filter>Source Files</Filter>
    </ClCompile>
    <ClCompile Include="src\gl\common.cpp">
      <Filter>Source Files</Filter>
    </ClCompile>
    <ClCompile Include="src\gl\framebuffer.cpp">
      <Filter>Source Files</Filter>
    </ClCompile>
    <ClCompile Include="src\gl\mesh.cpp">
      <Filter>Source Files</Filter>
    </ClCompile>
    <ClCompile Include="src\gl\shader.cpp">
      <Filter>Source Files</Filter>
    </ClCompile>
    <ClCompile Include="src\gl\texture.cpp">
      <Filter>Source Files</Filter>
    </ClCompile>
    <ClCompile Include="src\graphic\block_outline.cpp">
      <Filter>Source Files</Filter>
    </ClCompile>
    <ClCompile Include="src\graphic\block_vertex.cpp">
      <Filter>Source Files</Filter>
    </ClCompile>
    <ClCompile Include="src\graphic\crosshair.cpp">
      <Filter>Source Files</Filter>
    </ClCompile>
    <ClCompile Include="src\graphic\display.cpp">
      <Filter>Source Files</Filter>
    </ClCompile>
    <ClCompile Include="src\graphic\flora_vertex.cpp">
      <Filter>Source Files</Filter>
    </ClCompile>
    <ClCompile Include="src\graphic\skybox.cpp">
      <Filter>Source Files</Filter>
    </ClCompile>
    <ClCompile Include="src\gui\game_scene.cpp">
      <Filter>Source Files</Filter>
    </ClCompile>
    <ClCompile Include="src\gui\gui.cpp">
      <Filter>Source Files</Filter>
    </ClCompile>
    <ClCompile Include="src\gui\pause_scene.cpp">
      <Filter>Source Files</Filter>
    </ClCompile>
    <ClCompile Include="src\world\block.cpp">
      <Filter>Source Files</Filter>
    </ClCompile>
    <ClCompile Include="src\world\chunk.cpp">
      <Filter>Source Files</Filter>
    </ClCompile>
    <ClCompile Include="src\world\world.cpp">
      <Filter>Source Files</Filter>
    </ClCompile>
    <ClCompile Include="src\world\world_generator.cpp">
      <Filter>Source Files</Filter>
    </ClCompile>
    <ClCompile Include="src\world\pollution_system.cpp">
      <Filter>Source Files</Filter>
    </ClCompile>
    <ClCompile Include="src\world\wind_system.cpp">
      <Filter>Source Files</Filter>
    </ClCompile>
    <ClCompile Include="src\world\smoke_visualizer.cpp">
      <Filter>Source Files</Filter>
    </ClCompile>
    <ClCompile Include="src\game_manager.cpp">
      <Filter>Source Files</Filter>
    </ClCompile>
  </ItemGroup>
  <ItemGroup>
    <ClInclude Include="src\camera.h">
      <Filter>Header Files</Filter>
    </ClInclude>
    <ClInclude Include="src\resource.h">
      <Filter>Header Files</Filter>
    </ClInclude>
    <ClInclude Include="src\player.h">
      <Filter>Header Files</Filter>
    </ClInclude>
    <ClInclude Include="src\persistence.h">
      <Filter>Header Files</Filter>
    </ClInclude>
    <ClInclude Include="src\application.h">
      <Filter>Header Files</Filter>
    </ClInclude>
    <ClInclude Include="src\gl\common.h">
      <Filter>Header Files</Filter>
    </ClInclude>
    <ClInclude Include="src\gl\framebuffer.h">
      <Filter>Header Files</Filter>
    </ClInclude>
    <ClInclude Include="src\gl\mesh.h">
      <Filter>Header Files</Filter>
    </ClInclude>
    <ClInclude Include="src\gl\shader.h">
      <Filter>Header Files</Filter>
    </ClInclude>
    <ClInclude Include="src\gl\texture.h">
      <Filter>Header Files</Filter>
    </ClInclude>
    <ClInclude Include="src\graphic\block_outline.h">
      <Filter>Header Files</Filter>
    </ClInclude>
    <ClInclude Include="src\graphic\block_vertex.h">
      <Filter>Header Files</Filter>
    </ClInclude>
    <ClInclude Include="src\graphic\crosshair.h">
      <Filter>Header Files</Filter>
    </ClInclude>
    <ClInclude Include="src\graphic\display.h">
      <Filter>Header Files</Filter>
    </ClInclude>
    <ClInclude Include="src\graphic\flora_vertex.h">
      <Filter>Header Files</Filter>
    </ClInclude>
    <ClInclude Include="src\graphic\skybox.h">
      <Filter>Header Files</Filter>
    </ClInclude>
    <ClInclude Include="src\gui\game_scene.h">
      <Filter>Header Files</Filter>
    </ClInclude>
    <ClInclude Include="src\gui\gui.h">
      <Filter>Header Files</Filter>
    </ClInclude>
    <ClInclude Include="src\gui\pause_scene.h">
      <Filter>Header Files</Filter>
    </ClInclude>
    <ClInclude Include="src\util\aabb.h">
      <Filter>Header Files</Filter>
    </ClInclude>
    <ClInclude Include="src\util\file.h">
      <Filter>Header Files</Filter>
    </ClInclude>
    <ClInclude Include="src\util\math.h">
      <Filter>Header Files</Filter>
    </ClInclude>
    <ClInclude Include="src\world\block.h">
      <Filter>Header Files</Filter>
    </ClInclude>
    <ClInclude Include="src\world\chunk.h">
      <Filter>Header Files</Filter>
    </ClInclude>
    <ClInclude Include="src\world\world.h">
      <Filter>Header Files</Filter>
    </ClInclude>
    <ClInclude Include="src\world\world_generator.h">
      <Filter>Header Files</Filter>
    </ClInclude>
    <ClInclude Include="src\world\wind_system.h">
      <Filter>Header Files</Filter>
    </ClInclude>
    <ClInclude Include="src\world\pollution_system.h">
      <Filter>Header Files</Filter>
    </ClInclude>
    <ClInclude Include="src\world\smoke_visualizer.h">
      <Filter>Header Files</Filter>
    </ClInclude>
    <ClInclude Include="src\game_clock.h">
      <Filter>Header Files</Filter>
    </ClInclude>
    <ClInclude Include="src\game_manager.h">
      <Filter>Header Files</Filter>
    </ClInclude>
    <ClInclude Include="src\settings.h">
      <Filter>Header Files</Filter>
    </ClInclude>
  </ItemGroup>
  <ItemGroup>
    <None Include="resources\shaders\smoke_volume.vert" />
    <None Include="resources\shaders\smoke_volume.frag" />
  </ItemGroup>
</Project>