<Solution>
  <Configurations>
    <Platform Name="x64" />
    <Platform Name="x86" />
  </Configurations>
  <Project Path="Client/Client.vcxproj" Id="0a676f22-83ba-4da7-be56-7592c6339524" />
  <Project Path="Server/Server.vcxproj" Id="63d8a851-7332-4f1f-8f9c-69b92174bce4" />
  <Project Path="VoxelEngineLib/VoxelEngineLib.vcxproj" Id="3d2e6f04-c5fa-4b5d-ba19-3004178f7868" />
</Solution>
